
Microsoft Visual Studio Solution File, Format Version 12.00
# Visual Studio 14
VisualStudioVersion = 14.0.25420.1
MinimumVisualStudioVersion = 10.0.40219.1
Project("{8BB2217D-0F2D-49D1-97BC-3654ED321F3B}") = "Host.WebApi", "Host\Host.WebApi.xproj", "{28452176-F1FB-42B9-872D-BD1CC5B93B6E}"
EndProject
Project("{8BB2217D-0F2D-49D1-97BC-3654ED321F3B}") = "KeyValueService.Core", "KeyValueService.Core\KeyValueService.Core.xproj", "{EB2EDF79-FA0E-4AE5-BC22-B6A28A1538C2}"
EndProject
Project("{8BB2217D-0F2D-49D1-97BC-3654ED321F3B}") = "KeyValueService.WebApi", "KeyValueService.WebApi\KeyValueService.WebApi.xproj", "{115436D2-26DE-4EAC-AF55-599C22762398}"
EndProject
Project("{2150E333-8FDC-42A3-9474-1A3956D46DE8}") = "KeyValueService", "KeyValueService", "{9CE25476-3833-4DB3-9107-1BF8B8285D68}"
EndProject
Project("{8BB2217D-0F2D-49D1-97BC-3654ED321F3B}") = "KeyValueService.EF", "KeyValueService.EF\KeyValueService.EF.xproj", "{3DD57F70-D5BD-417B-9106-B574B6387009}"
EndProject
Project("{2150E333-8FDC-42A3-9474-1A3956D46DE8}") = "SequenceService", "SequenceService", "{404D6068-11DA-4A1F-8176-B788DD807CD5}"
EndProject
Project("{8BB2217D-0F2D-49D1-97BC-3654ED321F3B}") = "SequenceService.Core", "SequenceService.Core\SequenceService.Core.xproj", "{2AD9E351-DD14-44C2-8F3B-FCED96B36526}"
EndProject
Project("{8BB2217D-0F2D-49D1-97BC-3654ED321F3B}") = "SequenceService.WebApi", "SequenceService.WebApi\SequenceService.WebApi.xproj", "{AA500C6F-C222-4568-883A-FCB681FE0C9E}"
EndProject
Global
	GlobalSection(SolutionConfigurationPlatforms) = preSolution
		Debug|Any CPU = Debug|Any CPU
		Release|Any CPU = Release|Any CPU
	EndGlobalSection
	GlobalSection(ProjectConfigurationPlatforms) = postSolution
		{28452176-F1FB-42B9-872D-BD1CC5B93B6E}.Debug|Any CPU.ActiveCfg = Debug|Any CPU
		{28452176-F1FB-42B9-872D-BD1CC5B93B6E}.Debug|Any CPU.Build.0 = Debug|Any CPU
		{28452176-F1FB-42B9-872D-BD1CC5B93B6E}.Release|Any CPU.ActiveCfg = Release|Any CPU
		{28452176-F1FB-42B9-872D-BD1CC5B93B6E}.Release|Any CPU.Build.0 = Release|Any CPU
		{EB2EDF79-FA0E-4AE5-BC22-B6A28A1538C2}.Debug|Any CPU.ActiveCfg = Debug|Any CPU
		{EB2EDF79-FA0E-4AE5-BC22-B6A28A1538C2}.Debug|Any CPU.Build.0 = Debug|Any CPU
		{EB2EDF79-FA0E-4AE5-BC22-B6A28A1538C2}.Release|Any CPU.ActiveCfg = Release|Any CPU
		{EB2EDF79-FA0E-4AE5-BC22-B6A28A1538C2}.Release|Any CPU.Build.0 = Release|Any CPU
		{115436D2-26DE-4EAC-AF55-599C22762398}.Debug|Any CPU.ActiveCfg = Debug|Any CPU
		{115436D2-26DE-4EAC-AF55-599C22762398}.Debug|Any CPU.Build.0 = Debug|Any CPU
		{115436D2-26DE-4EAC-AF55-599C22762398}.Release|Any CPU.ActiveCfg = Release|Any CPU
		{115436D2-26DE-4EAC-AF55-599C22762398}.Release|Any CPU.Build.0 = Release|Any CPU
		{3DD57F70-D5BD-417B-9106-B574B6387009}.Debug|Any CPU.ActiveCfg = Debug|Any CPU
		{3DD57F70-D5BD-417B-9106-B574B6387009}.Debug|Any CPU.Build.0 = Debug|Any CPU
		{3DD57F70-D5BD-417B-9106-B574B6387009}.Release|Any CPU.ActiveCfg = Release|Any CPU
		{3DD57F70-D5BD-417B-9106-B574B6387009}.Release|Any CPU.Build.0 = Release|Any CPU
		{2AD9E351-DD14-44C2-8F3B-FCED96B36526}.Debug|Any CPU.ActiveCfg = Debug|Any CPU
		{2AD9E351-DD14-44C2-8F3B-FCED96B36526}.Debug|Any CPU.Build.0 = Debug|Any CPU
		{2AD9E351-DD14-44C2-8F3B-FCED96B36526}.Release|Any CPU.ActiveCfg = Release|Any CPU
		{2AD9E351-DD14-44C2-8F3B-FCED96B36526}.Release|Any CPU.Build.0 = Release|Any CPU
		{AA500C6F-C222-4568-883A-FCB681FE0C9E}.Debug|Any CPU.ActiveCfg = Debug|Any CPU
		{AA500C6F-C222-4568-883A-FCB681FE0C9E}.Debug|Any CPU.Build.0 = Debug|Any CPU
		{AA500C6F-C222-4568-883A-FCB681FE0C9E}.Release|Any CPU.ActiveCfg = Release|Any CPU
		{AA500C6F-C222-4568-883A-FCB681FE0C9E}.Release|Any CPU.Build.0 = Release|Any CPU
	EndGlobalSection
	GlobalSection(SolutionProperties) = preSolution
		HideSolutionNode = FALSE
	EndGlobalSection
	GlobalSection(NestedProjects) = preSolution
		{EB2EDF79-FA0E-4AE5-BC22-B6A28A1538C2} = {9CE25476-3833-4DB3-9107-1BF8B8285D68}
		{115436D2-26DE-4EAC-AF55-599C22762398} = {9CE25476-3833-4DB3-9107-1BF8B8285D68}
		{3DD57F70-D5BD-417B-9106-B574B6387009} = {9CE25476-3833-4DB3-9107-1BF8B8285D68}
		{2AD9E351-DD14-44C2-8F3B-FCED96B36526} = {404D6068-11DA-4A1F-8176-B788DD807CD5}
		{AA500C6F-C222-4568-883A-FCB681FE0C9E} = {404D6068-11DA-4A1F-8176-B788DD807CD5}
	EndGlobalSection
EndGlobal
