
Microsoft Visual Studio Solution File, Format Version 12.00
# Visual Studio 15
VisualStudioVersion = 15.0.27703.2042
MinimumVisualStudioVersion = 10.0.40219.1
Project("{2150E333-8FDC-42A3-9474-1A3956D46DE8}") = "KeyValueService", "KeyValueService", "{9CE25476-3833-4DB3-9107-1BF8B8285D68}"
EndProject
Project("{2150E333-8FDC-42A3-9474-1A3956D46DE8}") = "SequenceService", "SequenceService", "{404D6068-11DA-4A1F-8176-B788DD807CD5}"
EndProject
Project("{9A19103F-16F7-4668-BE54-9A1E7A4F7556}") = "KeyValueService.Core", "KeyValueService.Core\KeyValueService.Core.csproj", "{EB2EDF79-FA0E-4AE5-BC22-B6A28A1538C2}"
EndProject
Project("{9A19103F-16F7-4668-BE54-9A1E7A4F7556}") = "SequenceService.Core", "SequenceService.Core\SequenceService.Core.csproj", "{2AD9E351-DD14-44C2-8F3B-FCED96B36526}"
EndProject
Project("{9A19103F-16F7-4668-BE54-9A1E7A4F7556}") = "SequenceService.WebApi", "SequenceService.WebApi\SequenceService.WebApi.csproj", "{AA500C6F-C222-4568-883A-FCB681FE0C9E}"
EndProject
Project("{9A19103F-16F7-4668-BE54-9A1E7A4F7556}") = "Host.WebApi", "Host.WebApi\Host.WebApi.csproj", "{BF44CB97-AFC4-47B3-9E52-76FA5CF0F7BF}"
EndProject
Project("{9A19103F-16F7-4668-BE54-9A1E7A4F7556}") = "KeyValueService.EF", "KeyValueService.EF\KeyValueService.EF.csproj", "{0E21A0E0-873B-443D-A78C-9A52E000A992}"
EndProject
Project("{2150E333-8FDC-42A3-9474-1A3956D46DE8}") = "ShortLinkService", "ShortLinkService", "{65F162CC-47F4-4B2A-B301-A5926DFB6D55}"
EndProject
Project("{9A19103F-16F7-4668-BE54-9A1E7A4F7556}") = "ShortLinkService.Core", "ShortLinkService.Core\ShortLinkService.Core.csproj", "{D6410317-7CCE-406C-BB5D-61030CBD5755}"
EndProject
Project("{9A19103F-16F7-4668-BE54-9A1E7A4F7556}") = "ShortLinkService.WebApi", "ShortLinkService.WebApi\ShortLinkService.WebApi.csproj", "{7B957D23-860D-49BA-8DBA-C15B46BC6036}"
EndProject
Project("{9A19103F-16F7-4668-BE54-9A1E7A4F7556}") = "KeyValueService.WebApi", "KeyValueService.WebApi\KeyValueService.WebApi.csproj", "{F2A9EB8E-3739-4593-8241-4F75E8EF4613}"
EndProject
Project("{2150E333-8FDC-42A3-9474-1A3956D46DE8}") = "PrivilegeService", "PrivilegeService", "{0F044D14-9AA2-47BA-A8CE-7F39B13A3BFE}"
EndProject
Project("{9A19103F-16F7-4668-BE54-9A1E7A4F7556}") = "PrivilegeService.Core", "PrivilegeService.Core\PrivilegeService.Core.csproj", "{337BA9BA-D980-4BF1-BB6E-996E6C4BA1B3}"
EndProject
Project("{9A19103F-16F7-4668-BE54-9A1E7A4F7556}") = "PrivilegeService.EF", "PrivilegeService.EF\PrivilegeService.EF.csproj", "{6EB9448C-A983-4B42-8730-58677B59873E}"
EndProject
Project("{2150E333-8FDC-42A3-9474-1A3956D46DE8}") = "AuthService", "AuthService", "{EFAC3566-2AD9-4237-9AA0-8C59A723A110}"
EndProject
Project("{9A19103F-16F7-4668-BE54-9A1E7A4F7556}") = "AuthService.Core", "AuthService.Core\AuthService.Core.csproj", "{CEA126C0-1D14-4292-BDBC-BA00A35A0241}"
EndProject
Project("{9A19103F-16F7-4668-BE54-9A1E7A4F7556}") = "AuthService.Identity.EF", "AuthService.Identity.EF\AuthService.Identity.EF.csproj", "{396E469A-0501-4FA3-835B-5156B3E4E00A}"
EndProject
Project("{2150E333-8FDC-42A3-9474-1A3956D46DE8}") = "Solution Items", "Solution Items", "{FD190B42-78A2-43FB-9E37-2CB14E9CC04D}"
	ProjectSection(SolutionItems) = preProject
		.filenesting.json = .filenesting.json
		常用命令.txt = 常用命令.txt
		约定.md = 约定.md
	EndProjectSection
EndProject
Project("{9A19103F-16F7-4668-BE54-9A1E7A4F7556}") = "AuthService.WebApi", "AuthService.WebApi\AuthService.WebApi.csproj", "{A9ADB9EE-2A8A-49B4-9468-92A0776495F8}"
EndProject
Project("{9A19103F-16F7-4668-BE54-9A1E7A4F7556}") = "AuthService.Startup", "AuthService.Startup\AuthService.Startup.csproj", "{A8BB5F88-1F27-4962-A4FC-331EC12A94C8}"
EndProject
Project("{2150E333-8FDC-42A3-9474-1A3956D46DE8}") = "Extentions", "Extentions", "{0CAAF01B-45C3-4484-AD1D-A3E0C8D330E9}"
EndProject
Project("{9A19103F-16F7-4668-BE54-9A1E7A4F7556}") = "YS.Extentions.Base", "YS.Extentions.Base\YS.Extentions.Base.csproj", "{0AFCD79D-F5EA-453B-BE88-1E3A0295BFAF}"
EndProject
Project("{9A19103F-16F7-4668-BE54-9A1E7A4F7556}") = "YS.Extentions.Options", "YS.Extentions.Options\YS.Extentions.Options.csproj", "{6DA95FFF-5C5C-4992-8602-7EF48DBA6D2B}"
EndProject
Project("{9A19103F-16F7-4668-BE54-9A1E7A4F7556}") = "YS.Extentions.EntityFrameworkCore", "YS.Extentions.EntityFrameworkCore\YS.Extentions.EntityFrameworkCore.csproj", "{8E356E38-8697-4AE3-B8AC-E35338BBE996}"
EndProject
Project("{9A19103F-16F7-4668-BE54-9A1E7A4F7556}") = "YS.Ententions.NetCore.All", "YS.Ententions.NetCore.All\YS.Ententions.NetCore.All.csproj", "{4D7F5ED7-E52C-4DC1-8964-9D2DDF1A4F39}"
EndProject
Project("{9A19103F-16F7-4668-BE54-9A1E7A4F7556}") = "KeyValueService.Entity", "KeyValueService.Entity\KeyValueService.Entity.csproj", "{3C8BAE35-7358-448E-AFB9-2358019EEDF1}"
EndProject
Project("{9A19103F-16F7-4668-BE54-9A1E7A4F7556}") = "KeyValueService.Entity.Impl", "KeyValueService.Entity.Impl\KeyValueService.Entity.Impl.csproj", "{FB671D1D-E880-46C4-9309-F74E7CADA010}"
EndProject
Project("{2150E333-8FDC-42A3-9474-1A3956D46DE8}") = "Bases", "Bases", "{2B8D8370-4123-4FF1-817D-7D8B91D7AF58}"
EndProject
Project("{9A19103F-16F7-4668-BE54-9A1E7A4F7556}") = "YS.System.Base", "YS.System.Base\YS.System.Base.csproj", "{0329AE02-8193-4F79-9C5C-C0312744C7CC}"
EndProject
Project("{9A19103F-16F7-4668-BE54-9A1E7A4F7556}") = "YS.System.AspnetCore", "YS.System.AspnetCore\YS.System.AspnetCore.csproj", "{CE532705-519B-42B5-BC56-7C08A41CD421}"
EndProject
Project("{9A19103F-16F7-4668-BE54-9A1E7A4F7556}") = "YS.System.Json", "YS.System.Json\YS.System.Json.csproj", "{FBE40D4C-DD34-4181-9675-FE255C54A406}"
EndProject
Project("{2150E333-8FDC-42A3-9474-1A3956D46DE8}") = "GoodsService", "GoodsService", "{D0DB0F38-4947-459B-A04D-D2A76EE8B165}"
EndProject
Project("{9A19103F-16F7-4668-BE54-9A1E7A4F7556}") = "GoodsService.Core", "GoodsService.Core\GoodsService.Core.csproj", "{B98013AC-D2CB-41CB-8DF7-D1239836B4F1}"
EndProject
Project("{9A19103F-16F7-4668-BE54-9A1E7A4F7556}") = "GoodsService.Entity.Impl", "GoodsService.Entity.Impl\GoodsService.Entity.Impl.csproj", "{719C4D26-BEA1-44B5-AC5A-57C765F77DD2}"
EndProject
Project("{9A19103F-16F7-4668-BE54-9A1E7A4F7556}") = "GoodsService.EF", "GoodsService.EF\GoodsService.EF.csproj", "{8F758046-4777-46C6-90A6-629BC4DF3F06}"
EndProject
Project("{9A19103F-16F7-4668-BE54-9A1E7A4F7556}") = "GoodsService.WebApi", "GoodsService.WebApi\GoodsService.WebApi.csproj", "{1B778B4A-10D7-48AB-BDA7-E87F5C337AAF}"
EndProject
Project("{9A19103F-16F7-4668-BE54-9A1E7A4F7556}") = "YS.System.Data", "YS.System.Data\YS.System.Data.csproj", "{F0B8E238-EFE0-470C-8EB0-995079639B4D}"
EndProject
Project("{9A19103F-16F7-4668-BE54-9A1E7A4F7556}") = "Host.Database.SqlServer", "Host.Database.SqlServer\Host.Database.SqlServer.csproj", "{04544FA6-5E13-4DFA-8AFE-17370B361317}"
EndProject
Project("{FAE04EC0-301F-11D3-BF4B-00C04F79EFBC}") = "UnitTestProject1", "UnitTestProject1\UnitTestProject1.csproj", "{77B24890-61AB-40A6-9F54-80F0C8455187}"
EndProject
Project("{2150E333-8FDC-42A3-9474-1A3956D46DE8}") = "MetaDataService", "MetaDataService", "{ACB9F439-D894-4141-832E-1A68374269EF}"
EndProject
Project("{9A19103F-16F7-4668-BE54-9A1E7A4F7556}") = "MetaDataService.Core", "MetaDataService.Core\MetaDataService.Core.csproj", "{C346C331-C3B1-4CBE-8FC9-00F97529B9B7}"
EndProject
Project("{FAE04EC0-301F-11D3-BF4B-00C04F79EFBC}") = "MetaDataService.Reflection.Impl", "MetaDataService.Reflection.Impl\MetaDataService.Reflection.Impl.csproj", "{E13D9744-313F-473E-BF99-DE08A325E3E1}"
EndProject
Global
	GlobalSection(SolutionConfigurationPlatforms) = preSolution
		Debug|Any CPU = Debug|Any CPU
		Release|Any CPU = Release|Any CPU
	EndGlobalSection
	GlobalSection(ProjectConfigurationPlatforms) = postSolution
		{EB2EDF79-FA0E-4AE5-BC22-B6A28A1538C2}.Debug|Any CPU.ActiveCfg = Debug|Any CPU
		{EB2EDF79-FA0E-4AE5-BC22-B6A28A1538C2}.Debug|Any CPU.Build.0 = Debug|Any CPU
		{EB2EDF79-FA0E-4AE5-BC22-B6A28A1538C2}.Release|Any CPU.ActiveCfg = Release|Any CPU
		{EB2EDF79-FA0E-4AE5-BC22-B6A28A1538C2}.Release|Any CPU.Build.0 = Release|Any CPU
		{2AD9E351-DD14-44C2-8F3B-FCED96B36526}.Debug|Any CPU.ActiveCfg = Debug|Any CPU
		{2AD9E351-DD14-44C2-8F3B-FCED96B36526}.Debug|Any CPU.Build.0 = Debug|Any CPU
		{2AD9E351-DD14-44C2-8F3B-FCED96B36526}.Release|Any CPU.ActiveCfg = Release|Any CPU
		{2AD9E351-DD14-44C2-8F3B-FCED96B36526}.Release|Any CPU.Build.0 = Release|Any CPU
		{AA500C6F-C222-4568-883A-FCB681FE0C9E}.Debug|Any CPU.ActiveCfg = Debug|Any CPU
		{AA500C6F-C222-4568-883A-FCB681FE0C9E}.Debug|Any CPU.Build.0 = Debug|Any CPU
		{AA500C6F-C222-4568-883A-FCB681FE0C9E}.Release|Any CPU.ActiveCfg = Release|Any CPU
		{AA500C6F-C222-4568-883A-FCB681FE0C9E}.Release|Any CPU.Build.0 = Release|Any CPU
		{BF44CB97-AFC4-47B3-9E52-76FA5CF0F7BF}.Debug|Any CPU.ActiveCfg = Debug|Any CPU
		{BF44CB97-AFC4-47B3-9E52-76FA5CF0F7BF}.Debug|Any CPU.Build.0 = Debug|Any CPU
		{BF44CB97-AFC4-47B3-9E52-76FA5CF0F7BF}.Release|Any CPU.ActiveCfg = Release|Any CPU
		{BF44CB97-AFC4-47B3-9E52-76FA5CF0F7BF}.Release|Any CPU.Build.0 = Release|Any CPU
		{0E21A0E0-873B-443D-A78C-9A52E000A992}.Debug|Any CPU.ActiveCfg = Debug|Any CPU
		{0E21A0E0-873B-443D-A78C-9A52E000A992}.Debug|Any CPU.Build.0 = Debug|Any CPU
		{0E21A0E0-873B-443D-A78C-9A52E000A992}.Release|Any CPU.ActiveCfg = Release|Any CPU
		{0E21A0E0-873B-443D-A78C-9A52E000A992}.Release|Any CPU.Build.0 = Release|Any CPU
		{D6410317-7CCE-406C-BB5D-61030CBD5755}.Debug|Any CPU.ActiveCfg = Debug|Any CPU
		{D6410317-7CCE-406C-BB5D-61030CBD5755}.Debug|Any CPU.Build.0 = Debug|Any CPU
		{D6410317-7CCE-406C-BB5D-61030CBD5755}.Release|Any CPU.ActiveCfg = Release|Any CPU
		{D6410317-7CCE-406C-BB5D-61030CBD5755}.Release|Any CPU.Build.0 = Release|Any CPU
		{7B957D23-860D-49BA-8DBA-C15B46BC6036}.Debug|Any CPU.ActiveCfg = Debug|Any CPU
		{7B957D23-860D-49BA-8DBA-C15B46BC6036}.Debug|Any CPU.Build.0 = Debug|Any CPU
		{7B957D23-860D-49BA-8DBA-C15B46BC6036}.Release|Any CPU.ActiveCfg = Release|Any CPU
		{7B957D23-860D-49BA-8DBA-C15B46BC6036}.Release|Any CPU.Build.0 = Release|Any CPU
		{F2A9EB8E-3739-4593-8241-4F75E8EF4613}.Debug|Any CPU.ActiveCfg = Debug|Any CPU
		{F2A9EB8E-3739-4593-8241-4F75E8EF4613}.Debug|Any CPU.Build.0 = Debug|Any CPU
		{F2A9EB8E-3739-4593-8241-4F75E8EF4613}.Release|Any CPU.ActiveCfg = Release|Any CPU
		{F2A9EB8E-3739-4593-8241-4F75E8EF4613}.Release|Any CPU.Build.0 = Release|Any CPU
		{337BA9BA-D980-4BF1-BB6E-996E6C4BA1B3}.Debug|Any CPU.ActiveCfg = Debug|Any CPU
		{337BA9BA-D980-4BF1-BB6E-996E6C4BA1B3}.Debug|Any CPU.Build.0 = Debug|Any CPU
		{337BA9BA-D980-4BF1-BB6E-996E6C4BA1B3}.Release|Any CPU.ActiveCfg = Release|Any CPU
		{337BA9BA-D980-4BF1-BB6E-996E6C4BA1B3}.Release|Any CPU.Build.0 = Release|Any CPU
		{6EB9448C-A983-4B42-8730-58677B59873E}.Debug|Any CPU.ActiveCfg = Debug|Any CPU
		{6EB9448C-A983-4B42-8730-58677B59873E}.Debug|Any CPU.Build.0 = Debug|Any CPU
		{6EB9448C-A983-4B42-8730-58677B59873E}.Release|Any CPU.ActiveCfg = Release|Any CPU
		{6EB9448C-A983-4B42-8730-58677B59873E}.Release|Any CPU.Build.0 = Release|Any CPU
		{CEA126C0-1D14-4292-BDBC-BA00A35A0241}.Debug|Any CPU.ActiveCfg = Debug|Any CPU
		{CEA126C0-1D14-4292-BDBC-BA00A35A0241}.Debug|Any CPU.Build.0 = Debug|Any CPU
		{CEA126C0-1D14-4292-BDBC-BA00A35A0241}.Release|Any CPU.ActiveCfg = Release|Any CPU
		{CEA126C0-1D14-4292-BDBC-BA00A35A0241}.Release|Any CPU.Build.0 = Release|Any CPU
		{396E469A-0501-4FA3-835B-5156B3E4E00A}.Debug|Any CPU.ActiveCfg = Debug|Any CPU
		{396E469A-0501-4FA3-835B-5156B3E4E00A}.Debug|Any CPU.Build.0 = Debug|Any CPU
		{396E469A-0501-4FA3-835B-5156B3E4E00A}.Release|Any CPU.ActiveCfg = Release|Any CPU
		{396E469A-0501-4FA3-835B-5156B3E4E00A}.Release|Any CPU.Build.0 = Release|Any CPU
		{A9ADB9EE-2A8A-49B4-9468-92A0776495F8}.Debug|Any CPU.ActiveCfg = Debug|Any CPU
		{A9ADB9EE-2A8A-49B4-9468-92A0776495F8}.Debug|Any CPU.Build.0 = Debug|Any CPU
		{A9ADB9EE-2A8A-49B4-9468-92A0776495F8}.Release|Any CPU.ActiveCfg = Release|Any CPU
		{A9ADB9EE-2A8A-49B4-9468-92A0776495F8}.Release|Any CPU.Build.0 = Release|Any CPU
		{A8BB5F88-1F27-4962-A4FC-331EC12A94C8}.Debug|Any CPU.ActiveCfg = Debug|Any CPU
		{A8BB5F88-1F27-4962-A4FC-331EC12A94C8}.Debug|Any CPU.Build.0 = Debug|Any CPU
		{A8BB5F88-1F27-4962-A4FC-331EC12A94C8}.Release|Any CPU.ActiveCfg = Release|Any CPU
		{A8BB5F88-1F27-4962-A4FC-331EC12A94C8}.Release|Any CPU.Build.0 = Release|Any CPU
		{0AFCD79D-F5EA-453B-BE88-1E3A0295BFAF}.Debug|Any CPU.ActiveCfg = Debug|Any CPU
		{0AFCD79D-F5EA-453B-BE88-1E3A0295BFAF}.Debug|Any CPU.Build.0 = Debug|Any CPU
		{0AFCD79D-F5EA-453B-BE88-1E3A0295BFAF}.Release|Any CPU.ActiveCfg = Release|Any CPU
		{0AFCD79D-F5EA-453B-BE88-1E3A0295BFAF}.Release|Any CPU.Build.0 = Release|Any CPU
		{6DA95FFF-5C5C-4992-8602-7EF48DBA6D2B}.Debug|Any CPU.ActiveCfg = Debug|Any CPU
		{6DA95FFF-5C5C-4992-8602-7EF48DBA6D2B}.Debug|Any CPU.Build.0 = Debug|Any CPU
		{6DA95FFF-5C5C-4992-8602-7EF48DBA6D2B}.Release|Any CPU.ActiveCfg = Release|Any CPU
		{6DA95FFF-5C5C-4992-8602-7EF48DBA6D2B}.Release|Any CPU.Build.0 = Release|Any CPU
		{8E356E38-8697-4AE3-B8AC-E35338BBE996}.Debug|Any CPU.ActiveCfg = Debug|Any CPU
		{8E356E38-8697-4AE3-B8AC-E35338BBE996}.Debug|Any CPU.Build.0 = Debug|Any CPU
		{8E356E38-8697-4AE3-B8AC-E35338BBE996}.Release|Any CPU.ActiveCfg = Release|Any CPU
		{8E356E38-8697-4AE3-B8AC-E35338BBE996}.Release|Any CPU.Build.0 = Release|Any CPU
		{4D7F5ED7-E52C-4DC1-8964-9D2DDF1A4F39}.Debug|Any CPU.ActiveCfg = Debug|Any CPU
		{4D7F5ED7-E52C-4DC1-8964-9D2DDF1A4F39}.Debug|Any CPU.Build.0 = Debug|Any CPU
		{4D7F5ED7-E52C-4DC1-8964-9D2DDF1A4F39}.Release|Any CPU.ActiveCfg = Release|Any CPU
		{4D7F5ED7-E52C-4DC1-8964-9D2DDF1A4F39}.Release|Any CPU.Build.0 = Release|Any CPU
		{3C8BAE35-7358-448E-AFB9-2358019EEDF1}.Debug|Any CPU.ActiveCfg = Debug|Any CPU
		{3C8BAE35-7358-448E-AFB9-2358019EEDF1}.Debug|Any CPU.Build.0 = Debug|Any CPU
		{3C8BAE35-7358-448E-AFB9-2358019EEDF1}.Release|Any CPU.ActiveCfg = Release|Any CPU
		{3C8BAE35-7358-448E-AFB9-2358019EEDF1}.Release|Any CPU.Build.0 = Release|Any CPU
		{FB671D1D-E880-46C4-9309-F74E7CADA010}.Debug|Any CPU.ActiveCfg = Debug|Any CPU
		{FB671D1D-E880-46C4-9309-F74E7CADA010}.Debug|Any CPU.Build.0 = Debug|Any CPU
		{FB671D1D-E880-46C4-9309-F74E7CADA010}.Release|Any CPU.ActiveCfg = Release|Any CPU
		{FB671D1D-E880-46C4-9309-F74E7CADA010}.Release|Any CPU.Build.0 = Release|Any CPU
		{0329AE02-8193-4F79-9C5C-C0312744C7CC}.Debug|Any CPU.ActiveCfg = Debug|Any CPU
		{0329AE02-8193-4F79-9C5C-C0312744C7CC}.Debug|Any CPU.Build.0 = Debug|Any CPU
		{0329AE02-8193-4F79-9C5C-C0312744C7CC}.Release|Any CPU.ActiveCfg = Release|Any CPU
		{0329AE02-8193-4F79-9C5C-C0312744C7CC}.Release|Any CPU.Build.0 = Release|Any CPU
		{CE532705-519B-42B5-BC56-7C08A41CD421}.Debug|Any CPU.ActiveCfg = Debug|Any CPU
		{CE532705-519B-42B5-BC56-7C08A41CD421}.Debug|Any CPU.Build.0 = Debug|Any CPU
		{CE532705-519B-42B5-BC56-7C08A41CD421}.Release|Any CPU.ActiveCfg = Release|Any CPU
		{CE532705-519B-42B5-BC56-7C08A41CD421}.Release|Any CPU.Build.0 = Release|Any CPU
		{FBE40D4C-DD34-4181-9675-FE255C54A406}.Debug|Any CPU.ActiveCfg = Debug|Any CPU
		{FBE40D4C-DD34-4181-9675-FE255C54A406}.Debug|Any CPU.Build.0 = Debug|Any CPU
		{FBE40D4C-DD34-4181-9675-FE255C54A406}.Release|Any CPU.ActiveCfg = Release|Any CPU
		{FBE40D4C-DD34-4181-9675-FE255C54A406}.Release|Any CPU.Build.0 = Release|Any CPU
		{B98013AC-D2CB-41CB-8DF7-D1239836B4F1}.Debug|Any CPU.ActiveCfg = Debug|Any CPU
		{B98013AC-D2CB-41CB-8DF7-D1239836B4F1}.Debug|Any CPU.Build.0 = Debug|Any CPU
		{B98013AC-D2CB-41CB-8DF7-D1239836B4F1}.Release|Any CPU.ActiveCfg = Release|Any CPU
		{B98013AC-D2CB-41CB-8DF7-D1239836B4F1}.Release|Any CPU.Build.0 = Release|Any CPU
		{719C4D26-BEA1-44B5-AC5A-57C765F77DD2}.Debug|Any CPU.ActiveCfg = Debug|Any CPU
		{719C4D26-BEA1-44B5-AC5A-57C765F77DD2}.Debug|Any CPU.Build.0 = Debug|Any CPU
		{719C4D26-BEA1-44B5-AC5A-57C765F77DD2}.Release|Any CPU.ActiveCfg = Release|Any CPU
		{719C4D26-BEA1-44B5-AC5A-57C765F77DD2}.Release|Any CPU.Build.0 = Release|Any CPU
		{8F758046-4777-46C6-90A6-629BC4DF3F06}.Debug|Any CPU.ActiveCfg = Debug|Any CPU
		{8F758046-4777-46C6-90A6-629BC4DF3F06}.Debug|Any CPU.Build.0 = Debug|Any CPU
		{8F758046-4777-46C6-90A6-629BC4DF3F06}.Release|Any CPU.ActiveCfg = Release|Any CPU
		{8F758046-4777-46C6-90A6-629BC4DF3F06}.Release|Any CPU.Build.0 = Release|Any CPU
		{1B778B4A-10D7-48AB-BDA7-E87F5C337AAF}.Debug|Any CPU.ActiveCfg = Debug|Any CPU
		{1B778B4A-10D7-48AB-BDA7-E87F5C337AAF}.Debug|Any CPU.Build.0 = Debug|Any CPU
		{1B778B4A-10D7-48AB-BDA7-E87F5C337AAF}.Release|Any CPU.ActiveCfg = Release|Any CPU
		{1B778B4A-10D7-48AB-BDA7-E87F5C337AAF}.Release|Any CPU.Build.0 = Release|Any CPU
		{F0B8E238-EFE0-470C-8EB0-995079639B4D}.Debug|Any CPU.ActiveCfg = Debug|Any CPU
		{F0B8E238-EFE0-470C-8EB0-995079639B4D}.Debug|Any CPU.Build.0 = Debug|Any CPU
		{F0B8E238-EFE0-470C-8EB0-995079639B4D}.Release|Any CPU.ActiveCfg = Release|Any CPU
		{F0B8E238-EFE0-470C-8EB0-995079639B4D}.Release|Any CPU.Build.0 = Release|Any CPU
		{04544FA6-5E13-4DFA-8AFE-17370B361317}.Debug|Any CPU.ActiveCfg = Debug|Any CPU
		{04544FA6-5E13-4DFA-8AFE-17370B361317}.Debug|Any CPU.Build.0 = Debug|Any CPU
		{04544FA6-5E13-4DFA-8AFE-17370B361317}.Release|Any CPU.ActiveCfg = Release|Any CPU
		{04544FA6-5E13-4DFA-8AFE-17370B361317}.Release|Any CPU.Build.0 = Release|Any CPU
		{77B24890-61AB-40A6-9F54-80F0C8455187}.Debug|Any CPU.ActiveCfg = Debug|Any CPU
		{77B24890-61AB-40A6-9F54-80F0C8455187}.Debug|Any CPU.Build.0 = Debug|Any CPU
		{77B24890-61AB-40A6-9F54-80F0C8455187}.Release|Any CPU.ActiveCfg = Release|Any CPU
		{77B24890-61AB-40A6-9F54-80F0C8455187}.Release|Any CPU.Build.0 = Release|Any CPU
		{C346C331-C3B1-4CBE-8FC9-00F97529B9B7}.Debug|Any CPU.ActiveCfg = Debug|Any CPU
		{C346C331-C3B1-4CBE-8FC9-00F97529B9B7}.Debug|Any CPU.Build.0 = Debug|Any CPU
		{C346C331-C3B1-4CBE-8FC9-00F97529B9B7}.Release|Any CPU.ActiveCfg = Release|Any CPU
		{C346C331-C3B1-4CBE-8FC9-00F97529B9B7}.Release|Any CPU.Build.0 = Release|Any CPU
		{E13D9744-313F-473E-BF99-DE08A325E3E1}.Debug|Any CPU.ActiveCfg = Debug|Any CPU
		{E13D9744-313F-473E-BF99-DE08A325E3E1}.Debug|Any CPU.Build.0 = Debug|Any CPU
		{E13D9744-313F-473E-BF99-DE08A325E3E1}.Release|Any CPU.ActiveCfg = Release|Any CPU
		{E13D9744-313F-473E-BF99-DE08A325E3E1}.Release|Any CPU.Build.0 = Release|Any CPU
	EndGlobalSection
	GlobalSection(SolutionProperties) = preSolution
		HideSolutionNode = FALSE
	EndGlobalSection
	GlobalSection(NestedProjects) = preSolution
		{EB2EDF79-FA0E-4AE5-BC22-B6A28A1538C2} = {9CE25476-3833-4DB3-9107-1BF8B8285D68}
		{2AD9E351-DD14-44C2-8F3B-FCED96B36526} = {404D6068-11DA-4A1F-8176-B788DD807CD5}
		{AA500C6F-C222-4568-883A-FCB681FE0C9E} = {404D6068-11DA-4A1F-8176-B788DD807CD5}
		{0E21A0E0-873B-443D-A78C-9A52E000A992} = {9CE25476-3833-4DB3-9107-1BF8B8285D68}
		{D6410317-7CCE-406C-BB5D-61030CBD5755} = {65F162CC-47F4-4B2A-B301-A5926DFB6D55}
		{7B957D23-860D-49BA-8DBA-C15B46BC6036} = {65F162CC-47F4-4B2A-B301-A5926DFB6D55}
		{F2A9EB8E-3739-4593-8241-4F75E8EF4613} = {9CE25476-3833-4DB3-9107-1BF8B8285D68}
		{337BA9BA-D980-4BF1-BB6E-996E6C4BA1B3} = {0F044D14-9AA2-47BA-A8CE-7F39B13A3BFE}
		{6EB9448C-A983-4B42-8730-58677B59873E} = {0F044D14-9AA2-47BA-A8CE-7F39B13A3BFE}
		{CEA126C0-1D14-4292-BDBC-BA00A35A0241} = {EFAC3566-2AD9-4237-9AA0-8C59A723A110}
		{396E469A-0501-4FA3-835B-5156B3E4E00A} = {EFAC3566-2AD9-4237-9AA0-8C59A723A110}
		{A9ADB9EE-2A8A-49B4-9468-92A0776495F8} = {EFAC3566-2AD9-4237-9AA0-8C59A723A110}
		{A8BB5F88-1F27-4962-A4FC-331EC12A94C8} = {EFAC3566-2AD9-4237-9AA0-8C59A723A110}
		{0AFCD79D-F5EA-453B-BE88-1E3A0295BFAF} = {0CAAF01B-45C3-4484-AD1D-A3E0C8D330E9}
		{6DA95FFF-5C5C-4992-8602-7EF48DBA6D2B} = {0CAAF01B-45C3-4484-AD1D-A3E0C8D330E9}
		{8E356E38-8697-4AE3-B8AC-E35338BBE996} = {0CAAF01B-45C3-4484-AD1D-A3E0C8D330E9}
		{4D7F5ED7-E52C-4DC1-8964-9D2DDF1A4F39} = {0CAAF01B-45C3-4484-AD1D-A3E0C8D330E9}
		{3C8BAE35-7358-448E-AFB9-2358019EEDF1} = {9CE25476-3833-4DB3-9107-1BF8B8285D68}
		{FB671D1D-E880-46C4-9309-F74E7CADA010} = {9CE25476-3833-4DB3-9107-1BF8B8285D68}
		{0329AE02-8193-4F79-9C5C-C0312744C7CC} = {2B8D8370-4123-4FF1-817D-7D8B91D7AF58}
		{CE532705-519B-42B5-BC56-7C08A41CD421} = {2B8D8370-4123-4FF1-817D-7D8B91D7AF58}
		{FBE40D4C-DD34-4181-9675-FE255C54A406} = {2B8D8370-4123-4FF1-817D-7D8B91D7AF58}
		{B98013AC-D2CB-41CB-8DF7-D1239836B4F1} = {D0DB0F38-4947-459B-A04D-D2A76EE8B165}
		{719C4D26-BEA1-44B5-AC5A-57C765F77DD2} = {D0DB0F38-4947-459B-A04D-D2A76EE8B165}
		{8F758046-4777-46C6-90A6-629BC4DF3F06} = {D0DB0F38-4947-459B-A04D-D2A76EE8B165}
		{1B778B4A-10D7-48AB-BDA7-E87F5C337AAF} = {D0DB0F38-4947-459B-A04D-D2A76EE8B165}
		{F0B8E238-EFE0-470C-8EB0-995079639B4D} = {2B8D8370-4123-4FF1-817D-7D8B91D7AF58}
		{C346C331-C3B1-4CBE-8FC9-00F97529B9B7} = {ACB9F439-D894-4141-832E-1A68374269EF}
		{E13D9744-313F-473E-BF99-DE08A325E3E1} = {ACB9F439-D894-4141-832E-1A68374269EF}
	EndGlobalSection
	GlobalSection(ExtensibilityGlobals) = postSolution
		SolutionGuid = {E4469486-219E-4286-8830-BECD571B752A}
	EndGlobalSection
EndGlobal
