
Microsoft Visual Studio Solution File, Format Version 12.00
# Visual Studio 15
VisualStudioVersion = 15.0.27703.2042
MinimumVisualStudioVersion = 10.0.40219.1
Project("{2150E333-8FDC-42A3-9474-1A3956D46DE8}") = "KeyValueService", "KeyValueService", "{9CE25476-3833-4DB3-9107-1BF8B8285D68}"
EndProject
Project("{2150E333-8FDC-42A3-9474-1A3956D46DE8}") = "SequenceService", "SequenceService", "{404D6068-11DA-4A1F-8176-B788DD807CD5}"
EndProject
Project("{9A19103F-16F7-4668-BE54-9A1E7A4F7556}") = "KeyValueService.Core", "KeyValueService.Core\KeyValueService.Core.csproj", "{EB2EDF79-FA0E-4AE5-BC22-B6A28A1538C2}"
EndProject
Project("{9A19103F-16F7-4668-BE54-9A1E7A4F7556}") = "SequenceService.Core", "SequenceService.Core\SequenceService.Core.csproj", "{2AD9E351-DD14-44C2-8F3B-FCED96B36526}"
EndProject
Project("{9A19103F-16F7-4668-BE54-9A1E7A4F7556}") = "SequenceService.WebApi", "SequenceService.WebApi\SequenceService.WebApi.csproj", "{AA500C6F-C222-4568-883A-FCB681FE0C9E}"
EndProject
Project("{9A19103F-16F7-4668-BE54-9A1E7A4F7556}") = "Host.WebApi", "Host.WebApi\Host.WebApi.csproj", "{BF44CB97-AFC4-47B3-9E52-76FA5CF0F7BF}"
EndProject
Project("{9A19103F-16F7-4668-BE54-9A1E7A4F7556}") = "KeyValueService.EF", "KeyValueService.EF\KeyValueService.EF.csproj", "{0E21A0E0-873B-443D-A78C-9A52E000A992}"
EndProject
Project("{2150E333-8FDC-42A3-9474-1A3956D46DE8}") = "ShortLinkService", "ShortLinkService", "{65F162CC-47F4-4B2A-B301-A5926DFB6D55}"
EndProject
Project("{9A19103F-16F7-4668-BE54-9A1E7A4F7556}") = "ShortLinkService.Core", "ShortLinkService.Core\ShortLinkService.Core.csproj", "{D6410317-7CCE-406C-BB5D-61030CBD5755}"
EndProject
Project("{9A19103F-16F7-4668-BE54-9A1E7A4F7556}") = "ShortLinkService.WebApi", "ShortLinkService.WebApi\ShortLinkService.WebApi.csproj", "{7B957D23-860D-49BA-8DBA-C15B46BC6036}"
EndProject
Project("{9A19103F-16F7-4668-BE54-9A1E7A4F7556}") = "System.Base", "System.Base\System.Base.csproj", "{B40B7429-EC7C-4717-85C5-D821C7498736}"
EndProject
Project("{9A19103F-16F7-4668-BE54-9A1E7A4F7556}") = "KeyValueService.WebApi", "KeyValueService.WebApi\KeyValueService.WebApi.csproj", "{F2A9EB8E-3739-4593-8241-4F75E8EF4613}"
EndProject
Project("{2150E333-8FDC-42A3-9474-1A3956D46DE8}") = "PrivilegeService", "PrivilegeService", "{0F044D14-9AA2-47BA-A8CE-7F39B13A3BFE}"
EndProject
Project("{9A19103F-16F7-4668-BE54-9A1E7A4F7556}") = "PrivilegeService.Core", "PrivilegeService.Core\PrivilegeService.Core.csproj", "{337BA9BA-D980-4BF1-BB6E-996E6C4BA1B3}"
EndProject
Project("{9A19103F-16F7-4668-BE54-9A1E7A4F7556}") = "PrivilegeService.EF", "PrivilegeService.EF\PrivilegeService.EF.csproj", "{6EB9448C-A983-4B42-8730-58677B59873E}"
EndProject
Project("{2150E333-8FDC-42A3-9474-1A3956D46DE8}") = "AuthService", "AuthService", "{EFAC3566-2AD9-4237-9AA0-8C59A723A110}"
EndProject
Project("{9A19103F-16F7-4668-BE54-9A1E7A4F7556}") = "AuthService.Core", "AuthService.Core\AuthService.Core.csproj", "{CEA126C0-1D14-4292-BDBC-BA00A35A0241}"
EndProject
Project("{9A19103F-16F7-4668-BE54-9A1E7A4F7556}") = "AuthService.Identity.EF", "AuthService.Identity.EF\AuthService.Identity.EF.csproj", "{396E469A-0501-4FA3-835B-5156B3E4E00A}"
EndProject
Project("{9A19103F-16F7-4668-BE54-9A1E7A4F7556}") = "AuthService.WebApi", "AuthService.WebApi\AuthService.WebApi.csproj", "{20A9D6A0-56A0-4C2E-8DD9-9D1AC975C259}"
EndProject
Project("{2150E333-8FDC-42A3-9474-1A3956D46DE8}") = "Services", "Services", "{E7E61C79-5A5C-4AEA-9943-F9686A6D88EB}"
EndProject
Project("{9A19103F-16F7-4668-BE54-9A1E7A4F7556}") = "Auth.SSO.WebService", "Auth.SSO.WebService\Auth.SSO.WebService.csproj", "{3F532207-F4BF-4AFA-82DE-302C915C532C}"
EndProject
Project("{2150E333-8FDC-42A3-9474-1A3956D46DE8}") = "AppService", "AppService", "{F2DBC994-CC82-4516-AD65-30D0A7202B09}"
EndProject
Project("{9A19103F-16F7-4668-BE54-9A1E7A4F7556}") = "AppService.Core", "AppService.Core\AppService.Core.csproj", "{10253C62-EF9D-4F38-9D6D-A662C9C78EA8}"
EndProject
Project("{9A19103F-16F7-4668-BE54-9A1E7A4F7556}") = "AppService.EF", "AppService.EF\AppService.EF.csproj", "{E0B585DB-E710-4A90-B3F4-0FA4D1116FF4}"
EndProject
Global
	GlobalSection(SolutionConfigurationPlatforms) = preSolution
		Debug|Any CPU = Debug|Any CPU
		Release|Any CPU = Release|Any CPU
	EndGlobalSection
	GlobalSection(ProjectConfigurationPlatforms) = postSolution
		{EB2EDF79-FA0E-4AE5-BC22-B6A28A1538C2}.Debug|Any CPU.ActiveCfg = Debug|Any CPU
		{EB2EDF79-FA0E-4AE5-BC22-B6A28A1538C2}.Debug|Any CPU.Build.0 = Debug|Any CPU
		{EB2EDF79-FA0E-4AE5-BC22-B6A28A1538C2}.Release|Any CPU.ActiveCfg = Release|Any CPU
		{EB2EDF79-FA0E-4AE5-BC22-B6A28A1538C2}.Release|Any CPU.Build.0 = Release|Any CPU
		{2AD9E351-DD14-44C2-8F3B-FCED96B36526}.Debug|Any CPU.ActiveCfg = Debug|Any CPU
		{2AD9E351-DD14-44C2-8F3B-FCED96B36526}.Debug|Any CPU.Build.0 = Debug|Any CPU
		{2AD9E351-DD14-44C2-8F3B-FCED96B36526}.Release|Any CPU.ActiveCfg = Release|Any CPU
		{2AD9E351-DD14-44C2-8F3B-FCED96B36526}.Release|Any CPU.Build.0 = Release|Any CPU
		{AA500C6F-C222-4568-883A-FCB681FE0C9E}.Debug|Any CPU.ActiveCfg = Debug|Any CPU
		{AA500C6F-C222-4568-883A-FCB681FE0C9E}.Debug|Any CPU.Build.0 = Debug|Any CPU
		{AA500C6F-C222-4568-883A-FCB681FE0C9E}.Release|Any CPU.ActiveCfg = Release|Any CPU
		{AA500C6F-C222-4568-883A-FCB681FE0C9E}.Release|Any CPU.Build.0 = Release|Any CPU
		{BF44CB97-AFC4-47B3-9E52-76FA5CF0F7BF}.Debug|Any CPU.ActiveCfg = Debug|Any CPU
		{BF44CB97-AFC4-47B3-9E52-76FA5CF0F7BF}.Debug|Any CPU.Build.0 = Debug|Any CPU
		{BF44CB97-AFC4-47B3-9E52-76FA5CF0F7BF}.Release|Any CPU.ActiveCfg = Release|Any CPU
		{BF44CB97-AFC4-47B3-9E52-76FA5CF0F7BF}.Release|Any CPU.Build.0 = Release|Any CPU
		{0E21A0E0-873B-443D-A78C-9A52E000A992}.Debug|Any CPU.ActiveCfg = Debug|Any CPU
		{0E21A0E0-873B-443D-A78C-9A52E000A992}.Debug|Any CPU.Build.0 = Debug|Any CPU
		{0E21A0E0-873B-443D-A78C-9A52E000A992}.Release|Any CPU.ActiveCfg = Release|Any CPU
		{0E21A0E0-873B-443D-A78C-9A52E000A992}.Release|Any CPU.Build.0 = Release|Any CPU
		{D6410317-7CCE-406C-BB5D-61030CBD5755}.Debug|Any CPU.ActiveCfg = Debug|Any CPU
		{D6410317-7CCE-406C-BB5D-61030CBD5755}.Debug|Any CPU.Build.0 = Debug|Any CPU
		{D6410317-7CCE-406C-BB5D-61030CBD5755}.Release|Any CPU.ActiveCfg = Release|Any CPU
		{D6410317-7CCE-406C-BB5D-61030CBD5755}.Release|Any CPU.Build.0 = Release|Any CPU
		{7B957D23-860D-49BA-8DBA-C15B46BC6036}.Debug|Any CPU.ActiveCfg = Debug|Any CPU
		{7B957D23-860D-49BA-8DBA-C15B46BC6036}.Debug|Any CPU.Build.0 = Debug|Any CPU
		{7B957D23-860D-49BA-8DBA-C15B46BC6036}.Release|Any CPU.ActiveCfg = Release|Any CPU
		{7B957D23-860D-49BA-8DBA-C15B46BC6036}.Release|Any CPU.Build.0 = Release|Any CPU
		{B40B7429-EC7C-4717-85C5-D821C7498736}.Debug|Any CPU.ActiveCfg = Debug|Any CPU
		{B40B7429-EC7C-4717-85C5-D821C7498736}.Debug|Any CPU.Build.0 = Debug|Any CPU
		{B40B7429-EC7C-4717-85C5-D821C7498736}.Release|Any CPU.ActiveCfg = Release|Any CPU
		{B40B7429-EC7C-4717-85C5-D821C7498736}.Release|Any CPU.Build.0 = Release|Any CPU
		{F2A9EB8E-3739-4593-8241-4F75E8EF4613}.Debug|Any CPU.ActiveCfg = Debug|Any CPU
		{F2A9EB8E-3739-4593-8241-4F75E8EF4613}.Debug|Any CPU.Build.0 = Debug|Any CPU
		{F2A9EB8E-3739-4593-8241-4F75E8EF4613}.Release|Any CPU.ActiveCfg = Release|Any CPU
		{F2A9EB8E-3739-4593-8241-4F75E8EF4613}.Release|Any CPU.Build.0 = Release|Any CPU
		{337BA9BA-D980-4BF1-BB6E-996E6C4BA1B3}.Debug|Any CPU.ActiveCfg = Debug|Any CPU
		{337BA9BA-D980-4BF1-BB6E-996E6C4BA1B3}.Debug|Any CPU.Build.0 = Debug|Any CPU
		{337BA9BA-D980-4BF1-BB6E-996E6C4BA1B3}.Release|Any CPU.ActiveCfg = Release|Any CPU
		{337BA9BA-D980-4BF1-BB6E-996E6C4BA1B3}.Release|Any CPU.Build.0 = Release|Any CPU
		{6EB9448C-A983-4B42-8730-58677B59873E}.Debug|Any CPU.ActiveCfg = Debug|Any CPU
		{6EB9448C-A983-4B42-8730-58677B59873E}.Debug|Any CPU.Build.0 = Debug|Any CPU
		{6EB9448C-A983-4B42-8730-58677B59873E}.Release|Any CPU.ActiveCfg = Release|Any CPU
		{6EB9448C-A983-4B42-8730-58677B59873E}.Release|Any CPU.Build.0 = Release|Any CPU
		{CEA126C0-1D14-4292-BDBC-BA00A35A0241}.Debug|Any CPU.ActiveCfg = Debug|Any CPU
		{CEA126C0-1D14-4292-BDBC-BA00A35A0241}.Debug|Any CPU.Build.0 = Debug|Any CPU
		{CEA126C0-1D14-4292-BDBC-BA00A35A0241}.Release|Any CPU.ActiveCfg = Release|Any CPU
		{CEA126C0-1D14-4292-BDBC-BA00A35A0241}.Release|Any CPU.Build.0 = Release|Any CPU
		{396E469A-0501-4FA3-835B-5156B3E4E00A}.Debug|Any CPU.ActiveCfg = Debug|Any CPU
		{396E469A-0501-4FA3-835B-5156B3E4E00A}.Debug|Any CPU.Build.0 = Debug|Any CPU
		{396E469A-0501-4FA3-835B-5156B3E4E00A}.Release|Any CPU.ActiveCfg = Release|Any CPU
		{396E469A-0501-4FA3-835B-5156B3E4E00A}.Release|Any CPU.Build.0 = Release|Any CPU
		{20A9D6A0-56A0-4C2E-8DD9-9D1AC975C259}.Debug|Any CPU.ActiveCfg = Debug|Any CPU
		{20A9D6A0-56A0-4C2E-8DD9-9D1AC975C259}.Debug|Any CPU.Build.0 = Debug|Any CPU
		{20A9D6A0-56A0-4C2E-8DD9-9D1AC975C259}.Release|Any CPU.ActiveCfg = Release|Any CPU
		{20A9D6A0-56A0-4C2E-8DD9-9D1AC975C259}.Release|Any CPU.Build.0 = Release|Any CPU
		{3F532207-F4BF-4AFA-82DE-302C915C532C}.Debug|Any CPU.ActiveCfg = Debug|Any CPU
		{3F532207-F4BF-4AFA-82DE-302C915C532C}.Debug|Any CPU.Build.0 = Debug|Any CPU
		{3F532207-F4BF-4AFA-82DE-302C915C532C}.Release|Any CPU.ActiveCfg = Release|Any CPU
		{3F532207-F4BF-4AFA-82DE-302C915C532C}.Release|Any CPU.Build.0 = Release|Any CPU
		{10253C62-EF9D-4F38-9D6D-A662C9C78EA8}.Debug|Any CPU.ActiveCfg = Debug|Any CPU
		{10253C62-EF9D-4F38-9D6D-A662C9C78EA8}.Debug|Any CPU.Build.0 = Debug|Any CPU
		{10253C62-EF9D-4F38-9D6D-A662C9C78EA8}.Release|Any CPU.ActiveCfg = Release|Any CPU
		{10253C62-EF9D-4F38-9D6D-A662C9C78EA8}.Release|Any CPU.Build.0 = Release|Any CPU
		{E0B585DB-E710-4A90-B3F4-0FA4D1116FF4}.Debug|Any CPU.ActiveCfg = Debug|Any CPU
		{E0B585DB-E710-4A90-B3F4-0FA4D1116FF4}.Debug|Any CPU.Build.0 = Debug|Any CPU
		{E0B585DB-E710-4A90-B3F4-0FA4D1116FF4}.Release|Any CPU.ActiveCfg = Release|Any CPU
		{E0B585DB-E710-4A90-B3F4-0FA4D1116FF4}.Release|Any CPU.Build.0 = Release|Any CPU
	EndGlobalSection
	GlobalSection(SolutionProperties) = preSolution
		HideSolutionNode = FALSE
	EndGlobalSection
	GlobalSection(NestedProjects) = preSolution
		{EB2EDF79-FA0E-4AE5-BC22-B6A28A1538C2} = {9CE25476-3833-4DB3-9107-1BF8B8285D68}
		{2AD9E351-DD14-44C2-8F3B-FCED96B36526} = {404D6068-11DA-4A1F-8176-B788DD807CD5}
		{AA500C6F-C222-4568-883A-FCB681FE0C9E} = {404D6068-11DA-4A1F-8176-B788DD807CD5}
		{0E21A0E0-873B-443D-A78C-9A52E000A992} = {9CE25476-3833-4DB3-9107-1BF8B8285D68}
		{D6410317-7CCE-406C-BB5D-61030CBD5755} = {65F162CC-47F4-4B2A-B301-A5926DFB6D55}
		{7B957D23-860D-49BA-8DBA-C15B46BC6036} = {65F162CC-47F4-4B2A-B301-A5926DFB6D55}
		{F2A9EB8E-3739-4593-8241-4F75E8EF4613} = {9CE25476-3833-4DB3-9107-1BF8B8285D68}
		{337BA9BA-D980-4BF1-BB6E-996E6C4BA1B3} = {0F044D14-9AA2-47BA-A8CE-7F39B13A3BFE}
		{6EB9448C-A983-4B42-8730-58677B59873E} = {0F044D14-9AA2-47BA-A8CE-7F39B13A3BFE}
		{CEA126C0-1D14-4292-BDBC-BA00A35A0241} = {EFAC3566-2AD9-4237-9AA0-8C59A723A110}
		{396E469A-0501-4FA3-835B-5156B3E4E00A} = {EFAC3566-2AD9-4237-9AA0-8C59A723A110}
		{20A9D6A0-56A0-4C2E-8DD9-9D1AC975C259} = {EFAC3566-2AD9-4237-9AA0-8C59A723A110}
		{3F532207-F4BF-4AFA-82DE-302C915C532C} = {EFAC3566-2AD9-4237-9AA0-8C59A723A110}
		{10253C62-EF9D-4F38-9D6D-A662C9C78EA8} = {F2DBC994-CC82-4516-AD65-30D0A7202B09}
		{E0B585DB-E710-4A90-B3F4-0FA4D1116FF4} = {F2DBC994-CC82-4516-AD65-30D0A7202B09}
	EndGlobalSection
	GlobalSection(ExtensibilityGlobals) = postSolution
		SolutionGuid = {E4469486-219E-4286-8830-BECD571B752A}
	EndGlobalSection
EndGlobal
